<?xml version="1.0" encoding="utf-8"?>
<Project ToolsVersion="4.0" xmlns="http://schemas.microsoft.com/developer/msbuild/2003">
  <ItemGroup>
    <Filter Include="Source Files">
      <UniqueIdentifier>{4FC737F1-C7A5-4376-A066-2A32D752A2FF}</UniqueIdentifier>
      <Extensions>cpp;c;cc;cxx;def;odl;idl;hpj;bat;asm;asmx</Extensions>
    </Filter>
    <Filter Include="Header Files">
      <UniqueIdentifier>{93995380-89BD-4b04-88EB-625FBE52EBFB}</UniqueIdentifier>
      <Extensions>h;hh;hpp;hxx;hm;inl;inc;xsd</Extensions>
    </Filter>
    <Filter Include="Resource Files">
      <UniqueIdentifier>{67DA6AB6-F800-4c08-8B7A-83BB121AAD01}</UniqueIdentifier>
      <Extensions>rc;ico;cur;bmp;dlg;rc2;rct;bin;rgs;gif;jpg;jpeg;jpe;resx;tiff;tif;png;wav;mfcribbon-ms</Extensions>
    </Filter>
    <Filter Include="Header Files\Bots">
      <UniqueIdentifier>{212c05ef-9411-413f-b618-17eee0d2515e}</UniqueIdentifier>
    </Filter>
    <Filter Include="Source Files\Bots">
      <UniqueIdentifier>{ec45f0e0-f9b6-4a14-9d5b-b5a990784e6f}</UniqueIdentifier>
    </Filter>
    <Filter Include="Header Files\Bots\Base">
      <UniqueIdentifier>{b50a694f-f56b-4e46-bd03-b698755d8d85}</UniqueIdentifier>
    </Filter>
    <Filter Include="Source Files\Bots\Base">
      <UniqueIdentifier>{e4543eb9-14cd-4c8c-8409-ea0afee14fa1}</UniqueIdentifier>
    </Filter>
    <Filter Include="Header Files\Bots\Examples">
      <UniqueIdentifier>{c9aa5b5c-8c03-45c5-b0c2-a4cebf7e0b58}</UniqueIdentifier>
    </Filter>
    <Filter Include="Source Files\Bots\Examples">
      <UniqueIdentifier>{b7d69d58-d454-4f46-b67c-2c3be8c5ee54}</UniqueIdentifier>
    </Filter>
    <Filter Include="Header Files\BotFramework">
      <UniqueIdentifier>{8b49fc71-730a-4ed5-8e8c-329dabee0563}</UniqueIdentifier>
    </Filter>
    <Filter Include="Source Files\BotFramework">
      <UniqueIdentifier>{a4056e1e-ac87-46b4-a2a3-0d809f0971d0}</UniqueIdentifier>
    </Filter>
    <Filter Include="Source Files\BotFramework\MemberClasses">
      <UniqueIdentifier>{6f428b5c-c194-407c-8b8f-da8d97e4f208}</UniqueIdentifier>
    </Filter>
    <Filter Include="Header Files\BotFramework\MemeberClasses">
      <UniqueIdentifier>{9334da7d-f038-4ea5-bc0c-2b8dd980d78c}</UniqueIdentifier>
    </Filter>
    <Filter Include="Header Files\BotFramework\MemeberClasses\Space control">
      <UniqueIdentifier>{7cfc52ed-136d-4fac-b263-f498b4195360}</UniqueIdentifier>
    </Filter>
    <Filter Include="Source Files\BotFramework\MemberClasses\SpaceControl">
      <UniqueIdentifier>{0dc4b1e9-ccd4-4bfa-b22f-d5dfdea59771}</UniqueIdentifier>
    </Filter>
    <Filter Include="Header Files\BotFramework\MemeberClasses\Player actions">
      <UniqueIdentifier>{e8cc904e-6b6a-4e5e-ab40-efe5c58138a3}</UniqueIdentifier>
    </Filter>
    <Filter Include="Source Files\BotFramework\MemberClasses\Player actions">
      <UniqueIdentifier>{5c7779e1-68d8-4112-acbb-f0b9feec9e13}</UniqueIdentifier>
    </Filter>
    <Filter Include="Source Files\BotFramework\MemberClasses\Player actions\Movements">
      <UniqueIdentifier>{1bee9976-c75d-4ae9-9061-0e649e5bfedd}</UniqueIdentifier>
    </Filter>
    <Filter Include="Source Files\BotFramework\MemberClasses\Player actions\Tools actions">
      <UniqueIdentifier>{3ad44440-a60a-46b0-b067-699c047e32dd}</UniqueIdentifier>
    </Filter>
    <Filter Include="Header Files\BotFramework\MemeberClasses\Player actions\Movements">
      <UniqueIdentifier>{2897d421-0de4-4505-9d27-00976c6aac20}</UniqueIdentifier>
    </Filter>
    <Filter Include="Header Files\BotFramework\MemeberClasses\Player actions\Tools actions">
      <UniqueIdentifier>{6d8dc8e3-f3e5-442c-8d14-f006feccfec2}</UniqueIdentifier>
    </Filter>
    <Filter Include="Header Files\BotFramework\MemeberClasses\Space control\SearchAlgorithm">
      <UniqueIdentifier>{4c297327-abd4-47ed-ac7d-7ad018c3a89d}</UniqueIdentifier>
    </Filter>
    <Filter Include="Source Files\BotFramework\MemberClasses\SpaceControl\SearchAlgorithm">
      <UniqueIdentifier>{6d5dd8bf-a575-4a7c-a7e7-eb4761f9a638}</UniqueIdentifier>
    </Filter>
  </ItemGroup>
  <ItemGroup>
    <Text Include="ReadMe.txt" />
  </ItemGroup>
  <ItemGroup>
    <ClInclude Include="stdafx.h">
      <Filter>Header Files</Filter>
    </ClInclude>
    <ClInclude Include="targetver.h">
      <Filter>Header Files</Filter>
    </ClInclude>
    <ClInclude Include="Bot.h">
      <Filter>Header Files</Filter>
    </ClInclude>
    <ClInclude Include="BasicBotExampleOne.h">
      <Filter>Header Files\Bots\Examples</Filter>
    </ClInclude>
    <ClInclude Include="IBot.h">
      <Filter>Header Files\Bots\Base</Filter>
    </ClInclude>
    <ClInclude Include="SeanBean.h">
      <Filter>Header Files\Bots\Examples</Filter>
    </ClInclude>
    <ClInclude Include="DiscoveryDan.h">
      <Filter>Header Files\Bots\Examples</Filter>
    </ClInclude>
    <ClInclude Include="FishBot.h">
      <Filter>Header Files\Bots\Examples</Filter>
    </ClInclude>
    <ClInclude Include="GoldDigger.h">
      <Filter>Header Files\Bots\Examples</Filter>
    </ClInclude>
    <ClInclude Include="Indie.h">
      <Filter>Header Files\Bots\Examples</Filter>
    </ClInclude>
    <ClInclude Include="NotSoSolidSnake.h">
      <Filter>Header Files\Bots\Examples</Filter>
    </ClInclude>
    <ClInclude Include="JordanBot.h">
      <Filter>Header Files\Bots\Examples</Filter>
    </ClInclude>
    <ClInclude Include="MyBot.h">
      <Filter>Header Files</Filter>
    </ClInclude>
    <ClInclude Include="FrameworkLib\PlayerActions\Movements\BaseMovementClasses.h">
      <Filter>Header Files\BotFramework\MemeberClasses\Player actions\Movements</Filter>
    </ClInclude>
    <ClInclude Include="FrameworkLib\PlayerActions\Movements\MovementExecuting.h">
      <Filter>Header Files\BotFramework\MemeberClasses\Player actions\Movements</Filter>
    </ClInclude>
    <ClInclude Include="FrameworkLib\PlayerActions\Movements\MovementExecutingWrapper.h">
      <Filter>Header Files\BotFramework\MemeberClasses\Player actions\Movements</Filter>
    </ClInclude>
    <ClInclude Include="FrameworkLib\PlayerActions\Movements\Movements.h">
      <Filter>Header Files\BotFramework\MemeberClasses\Player actions\Movements</Filter>
    </ClInclude>
    <ClInclude Include="FrameworkLib\PlayerActions\ToolsActions\ToolsActions.h">
      <Filter>Header Files\BotFramework\MemeberClasses\Player actions\Tools actions</Filter>
    </ClInclude>
    <ClInclude Include="FrameworkLib\PlayerActions\PlayerActions.h">
      <Filter>Header Files\BotFramework\MemeberClasses\Player actions</Filter>
    </ClInclude>
    <ClInclude Include="FrameworkLib\MapControl\EnemyControl.h">
      <Filter>Header Files\BotFramework\MemeberClasses\Space control</Filter>
    </ClInclude>
    <ClInclude Include="FrameworkLib\MapControl\MapControl.h">
      <Filter>Header Files\BotFramework\MemeberClasses\Space control</Filter>
    </ClInclude>
    <ClInclude Include="FrameworkLib\DataStructures.h">
      <Filter>Header Files\BotFramework\MemeberClasses</Filter>
    </ClInclude>
    <ClInclude Include="FrameworkLib\FrameworkLibrary.h">
      <Filter>Header Files\BotFramework\MemeberClasses</Filter>
    </ClInclude>
    <ClInclude Include="FrameworkLib\IBotAPI.h">
      <Filter>Header Files\BotFramework\MemeberClasses</Filter>
    </ClInclude>
    <ClInclude Include="FrameworkLib\MapControl\PathSearch.h">
      <Filter>Header Files\BotFramework\MemeberClasses\Space control</Filter>
    </ClInclude>
    <ClInclude Include="FrameworkLib\MapControl\SearchActions.h">
      <Filter>Header Files\BotFramework\MemeberClasses\Space control</Filter>
    </ClInclude>
    <ClInclude Include="FrameworkLib\MapControl\ActionFactories.h">
      <Filter>Header Files\BotFramework\MemeberClasses\Space control</Filter>
    </ClInclude>
    <ClInclude Include="FrameworkLib\MapControl\SearchAlgorithm\Heuristic.h">
      <Filter>Header Files\BotFramework\MemeberClasses\Space control\SearchAlgorithm</Filter>
    </ClInclude>
    <ClInclude Include="FrameworkLib\MapControl\SearchAlgorithm\AStarSearch.h">
      <Filter>Header Files\BotFramework\MemeberClasses\Space control\SearchAlgorithm</Filter>
    </ClInclude>
    <ClInclude Include="FrameworkLib\MapControl\SearchAlgorithm\SearchAlgorithmInterfaces.h">
      <Filter>Header Files\BotFramework\MemeberClasses\Space control\SearchAlgorithm</Filter>
    </ClInclude>
  </ItemGroup>
  <ItemGroup>
    <ClCompile Include="stdafx.cpp">
      <Filter>Source Files</Filter>
    </ClCompile>
    <ClCompile Include="dllmain.cpp">
      <Filter>Source Files</Filter>
    </ClCompile>
    <ClCompile Include="BasicBotExampleOne.cpp">
      <Filter>Source Files\Bots\Examples</Filter>
    </ClCompile>
    <ClCompile Include="IBot.cpp">
      <Filter>Source Files\Bots\Base</Filter>
    </ClCompile>
    <ClCompile Include="SeanBean.cpp">
      <Filter>Source Files\Bots\Examples</Filter>
    </ClCompile>
    <ClCompile Include="GoldDigger.cpp">
      <Filter>Source Files\Bots\Examples</Filter>
    </ClCompile>
    <ClCompile Include="DiscoveryDan.cpp">
      <Filter>Source Files\Bots\Examples</Filter>
    </ClCompile>
    <ClCompile Include="NotSoSolidSnake.cpp">
      <Filter>Source Files\Bots\Examples</Filter>
    </ClCompile>
    <ClCompile Include="Indie.cpp">
      <Filter>Source Files\Bots\Examples</Filter>
    </ClCompile>
    <ClCompile Include="FishBot.cpp">
      <Filter>Source Files\Bots\Examples</Filter>
    </ClCompile>
    <ClCompile Include="JordanBot.cpp">
      <Filter>Source Files\Bots\Examples</Filter>
    </ClCompile>
    <ClCompile Include="Bot.cpp">
      <Filter>Source Files</Filter>
    </ClCompile>
    <ClCompile Include="MyBot.cpp">
      <Filter>Source Files</Filter>
    </ClCompile>
    <ClCompile Include="FrameworkLib\PlayerActions\Movements\BaseMovementClasses.cpp">
      <Filter>Source Files\BotFramework\MemberClasses\Player actions\Movements</Filter>
    </ClCompile>
    <ClCompile Include="FrameworkLib\PlayerActions\Movements\MovementExecuting.cpp">
      <Filter>Source Files\BotFramework\MemberClasses\Player actions\Movements</Filter>
    </ClCompile>
    <ClCompile Include="FrameworkLib\PlayerActions\Movements\MovementExecutingWrapper.cpp">
      <Filter>Source Files\BotFramework\MemberClasses\Player actions\Movements</Filter>
    </ClCompile>
    <ClCompile Include="FrameworkLib\PlayerActions\Movements\Movements.cpp">
      <Filter>Source Files\BotFramework\MemberClasses\Player actions\Movements</Filter>
    </ClCompile>
    <ClCompile Include="FrameworkLib\PlayerActions\ToolsActions\ToolsActions.cpp">
      <Filter>Source Files\BotFramework\MemberClasses\Player actions\Tools actions</Filter>
    </ClCompile>
    <ClCompile Include="FrameworkLib\PlayerActions\PlayerActions.cpp">
      <Filter>Source Files\BotFramework\MemberClasses\Player actions</Filter>
    </ClCompile>
    <ClCompile Include="FrameworkLib\MapControl\EnemyControl.cpp">
      <Filter>Source Files\BotFramework\MemberClasses\SpaceControl</Filter>
    </ClCompile>
    <ClCompile Include="FrameworkLib\MapControl\MapControl.cpp">
      <Filter>Source Files\BotFramework\MemberClasses\SpaceControl</Filter>
    </ClCompile>
    <ClCompile Include="FrameworkLib\FrameworkLibrary.cpp">
      <Filter>Source Files\BotFramework\MemberClasses</Filter>
    </ClCompile>
    <ClCompile Include="FrameworkLib\IBotAPI.cpp">
      <Filter>Source Files\BotFramework\MemberClasses</Filter>
    </ClCompile>
    <ClCompile Include="FrameworkLib\MapControl\PathSearch.cpp">
      <Filter>Source Files\BotFramework\MemberClasses\SpaceControl</Filter>
    </ClCompile>
    <ClCompile Include="FrameworkLib\MapControl\SearchActions.cpp">
      <Filter>Source Files\BotFramework\MemberClasses\SpaceControl</Filter>
    </ClCompile>
    <ClCompile Include="FrameworkLib\MapControl\SearchAlgorithm\Heuristic.cpp">
      <Filter>Source Files\BotFramework\MemberClasses\SpaceControl\SearchAlgorithm</Filter>
    </ClCompile>
    <ClCompile Include="FrameworkLib\MapControl\SearchAlgorithm\AStarSearch.cpp">
      <Filter>Source Files\BotFramework\MemberClasses\SpaceControl\SearchAlgorithm</Filter>
    </ClCompile>
    <ClCompile Include="FrameworkLib\MapControl\ActionFactories.cpp">
      <Filter>Source Files\BotFramework\MemberClasses\SpaceControl</Filter>
    </ClCompile>
  </ItemGroup>
</Project>